// !$*UTF8*$!
{
	archiveVersion = 1;
	classes = {
	};
	objectVersion = 50;
	objects = {

/* Begin PBXBuildFile section */
		204D4401242E6046003DCA67 /* AppDelegate.swift in Sources */ = {isa = PBXBuildFile; fileRef = 204D4400242E6046003DCA67 /* AppDelegate.swift */; };
		204D4403242E6046003DCA67 /* ViewController.swift in Sources */ = {isa = PBXBuildFile; fileRef = 204D4402242E6046003DCA67 /* ViewController.swift */; };
		204D4406242E6046003DCA67 /* Main.storyboard in Resources */ = {isa = PBXBuildFile; fileRef = 204D4404242E6046003DCA67 /* Main.storyboard */; };
		204D4408242E6047003DCA67 /* Assets.xcassets in Resources */ = {isa = PBXBuildFile; fileRef = 204D4407242E6047003DCA67 /* Assets.xcassets */; };
		204D440B242E6047003DCA67 /* LaunchScreen.storyboard in Resources */ = {isa = PBXBuildFile; fileRef = 204D4409242E6047003DCA67 /* LaunchScreen.storyboard */; };
		204D4416242E6047003DCA67 /* StyleTransfer_iOS_TFliteTests.swift in Sources */ = {isa = PBXBuildFile; fileRef = 204D4415242E6047003DCA67 /* StyleTransfer_iOS_TFliteTests.swift */; };
		204D4421242E6047003DCA67 /* StyleTransfer_iOS_TFliteUITests.swift in Sources */ = {isa = PBXBuildFile; fileRef = 204D4420242E6047003DCA67 /* StyleTransfer_iOS_TFliteUITests.swift */; };
/* End PBXBuildFile section */

/* Begin PBXContainerItemProxy section */
		204D4412242E6047003DCA67 /* PBXContainerItemProxy */ = {
			isa = PBXContainerItemProxy;
			containerPortal = 204D43F5242E6046003DCA67 /* Project object */;
			proxyType = 1;
			remoteGlobalIDString = 204D43FC242E6046003DCA67;
			remoteInfo = "StyleTransfer-iOS-TFlite";
		};
		204D441D242E6047003DCA67 /* PBXContainerItemProxy */ = {
			isa = PBXContainerItemProxy;
			containerPortal = 204D43F5242E6046003DCA67 /* Project object */;
			proxyType = 1;
			remoteGlobalIDString = 204D43FC242E6046003DCA67;
			remoteInfo = "StyleTransfer-iOS-TFlite";
		};
/* End PBXContainerItemProxy section */

/* Begin PBXFileReference section */
		204D43FD242E6046003DCA67 /* StyleTransfer-iOS-TFlite.app */ = {isa = PBXFileReference; explicitFileType = wrapper.application; includeInIndex = 0; path = "StyleTransfer-iOS-TFlite.app"; sourceTree = BUILT_PRODUCTS_DIR; };
		204D4400242E6046003DCA67 /* AppDelegate.swift */ = {isa = PBXFileReference; lastKnownFileType = sourcecode.swift; path = AppDelegate.swift; sourceTree = "<group>"; };
		204D4402242E6046003DCA67 /* ViewController.swift */ = {isa = PBXFileReference; lastKnownFileType = sourcecode.swift; path = ViewController.swift; sourceTree = "<group>"; };
		204D4405242E6046003DCA67 /* Base */ = {isa = PBXFileReference; lastKnownFileType = file.storyboard; name = Base; path = Base.lproj/Main.storyboard; sourceTree = "<group>"; };
		204D4407242E6047003DCA67 /* Assets.xcassets */ = {isa = PBXFileReference; lastKnownFileType = folder.assetcatalog; path = Assets.xcassets; sourceTree = "<group>"; };
		204D440A242E6047003DCA67 /* Base */ = {isa = PBXFileReference; lastKnownFileType = file.storyboard; name = Base; path = Base.lproj/LaunchScreen.storyboard; sourceTree = "<group>"; };
		204D440C242E6047003DCA67 /* Info.plist */ = {isa = PBXFileReference; lastKnownFileType = text.plist.xml; path = Info.plist; sourceTree = "<group>"; };
		204D4411242E6047003DCA67 /* StyleTransfer-iOS-TFliteTests.xctest */ = {isa = PBXFileReference; explicitFileType = wrapper.cfbundle; includeInIndex = 0; path = "StyleTransfer-iOS-TFliteTests.xctest"; sourceTree = BUILT_PRODUCTS_DIR; };
		204D4415242E6047003DCA67 /* StyleTransfer_iOS_TFliteTests.swift */ = {isa = PBXFileReference; lastKnownFileType = sourcecode.swift; path = StyleTransfer_iOS_TFliteTests.swift; sourceTree = "<group>"; };
		204D4417242E6047003DCA67 /* Info.plist */ = {isa = PBXFileReference; lastKnownFileType = text.plist.xml; path = Info.plist; sourceTree = "<group>"; };
		204D441C242E6047003DCA67 /* StyleTransfer-iOS-TFliteUITests.xctest */ = {isa = PBXFileReference; explicitFileType = wrapper.cfbundle; includeInIndex = 0; path = "StyleTransfer-iOS-TFliteUITests.xctest"; sourceTree = BUILT_PRODUCTS_DIR; };
		204D4420242E6047003DCA67 /* StyleTransfer_iOS_TFliteUITests.swift */ = {isa = PBXFileReference; lastKnownFileType = sourcecode.swift; path = StyleTransfer_iOS_TFliteUITests.swift; sourceTree = "<group>"; };
		204D4422242E6047003DCA67 /* Info.plist */ = {isa = PBXFileReference; lastKnownFileType = text.plist.xml; path = Info.plist; sourceTree = "<group>"; };
/* End PBXFileReference section */

/* Begin PBXFrameworksBuildPhase section */
		204D43FA242E6046003DCA67 /* Frameworks */ = {
			isa = PBXFrameworksBuildPhase;
			buildActionMask = 2147483647;
			files = (
			);
			runOnlyForDeploymentPostprocessing = 0;
		};
		204D440E242E6047003DCA67 /* Frameworks */ = {
			isa = PBXFrameworksBuildPhase;
			buildActionMask = 2147483647;
			files = (
			);
			runOnlyForDeploymentPostprocessing = 0;
		};
		204D4419242E6047003DCA67 /* Frameworks */ = {
			isa = PBXFrameworksBuildPhase;
			buildActionMask = 2147483647;
			files = (
			);
			runOnlyForDeploymentPostprocessing = 0;
		};
/* End PBXFrameworksBuildPhase section */

/* Begin PBXGroup section */
		204D43F4242E6046003DCA67 = {
			isa = PBXGroup;
			children = (
				204D43FF242E6046003DCA67 /* StyleTransfer-iOS-TFlite */,
				204D4414242E6047003DCA67 /* StyleTransfer-iOS-TFliteTests */,
				204D441F242E6047003DCA67 /* StyleTransfer-iOS-TFliteUITests */,
				204D43FE242E6046003DCA67 /* Products */,
			);
			sourceTree = "<group>";
		};
		204D43FE242E6046003DCA67 /* Products */ = {
			isa = PBXGroup;
			children = (
				204D43FD242E6046003DCA67 /* StyleTransfer-iOS-TFlite.app */,
				204D4411242E6047003DCA67 /* StyleTransfer-iOS-TFliteTests.xctest */,
				204D441C242E6047003DCA67 /* StyleTransfer-iOS-TFliteUITests.xctest */,
			);
			name = Products;
			sourceTree = "<group>";
		};
		204D43FF242E6046003DCA67 /* StyleTransfer-iOS-TFlite */ = {
			isa = PBXGroup;
			children = (
				204D4400242E6046003DCA67 /* AppDelegate.swift */,
				204D4402242E6046003DCA67 /* ViewController.swift */,
				204D4404242E6046003DCA67 /* Main.storyboard */,
				204D4407242E6047003DCA67 /* Assets.xcassets */,
				204D4409242E6047003DCA67 /* LaunchScreen.storyboard */,
				204D440C242E6047003DCA67 /* Info.plist */,
			);
			path = "StyleTransfer-iOS-TFlite";
			sourceTree = "<group>";
		};
		204D4414242E6047003DCA67 /* StyleTransfer-iOS-TFliteTests */ = {
			isa = PBXGroup;
			children = (
				204D4415242E6047003DCA67 /* StyleTransfer_iOS_TFliteTests.swift */,
				204D4417242E6047003DCA67 /* Info.plist */,
			);
			path = "StyleTransfer-iOS-TFliteTests";
			sourceTree = "<group>";
		};
		204D441F242E6047003DCA67 /* StyleTransfer-iOS-TFliteUITests */ = {
			isa = PBXGroup;
			children = (
				204D4420242E6047003DCA67 /* StyleTransfer_iOS_TFliteUITests.swift */,
				204D4422242E6047003DCA67 /* Info.plist */,
			);
			path = "StyleTransfer-iOS-TFliteUITests";
			sourceTree = "<group>";
		};
/* End PBXGroup section */

/* Begin PBXNativeTarget section */
		204D43FC242E6046003DCA67 /* StyleTransfer-iOS-TFlite */ = {
			isa = PBXNativeTarget;
			buildConfigurationList = 204D4425242E6047003DCA67 /* Build configuration list for PBXNativeTarget "StyleTransfer-iOS-TFlite" */;
			buildPhases = (
				204D43F9242E6046003DCA67 /* Sources */,
				204D43FA242E6046003DCA67 /* Frameworks */,
				204D43FB242E6046003DCA67 /* Resources */,
			);
			buildRules = (
			);
			dependencies = (
			);
			name = "StyleTransfer-iOS-TFlite";
			productName = "StyleTransfer-iOS-TFlite";
			productReference = 204D43FD242E6046003DCA67 /* StyleTransfer-iOS-TFlite.app */;
			productType = "com.apple.product-type.application";
		};
		204D4410242E6047003DCA67 /* StyleTransfer-iOS-TFliteTests */ = {
			isa = PBXNativeTarget;
			buildConfigurationList = 204D4428242E6047003DCA67 /* Build configuration list for PBXNativeTarget "StyleTransfer-iOS-TFliteTests" */;
			buildPhases = (
				204D440D242E6047003DCA67 /* Sources */,
				204D440E242E6047003DCA67 /* Frameworks */,
				204D440F242E6047003DCA67 /* Resources */,
			);
			buildRules = (
			);
			dependencies = (
				204D4413242E6047003DCA67 /* PBXTargetDependency */,
			);
			name = "StyleTransfer-iOS-TFliteTests";
			productName = "StyleTransfer-iOS-TFliteTests";
			productReference = 204D4411242E6047003DCA67 /* StyleTransfer-iOS-TFliteTests.xctest */;
			productType = "com.apple.product-type.bundle.unit-test";
		};
		204D441B242E6047003DCA67 /* StyleTransfer-iOS-TFliteUITests */ = {
			isa = PBXNativeTarget;
			buildConfigurationList = 204D442B242E6047003DCA67 /* Build configuration list for PBXNativeTarget "StyleTransfer-iOS-TFliteUITests" */;
			buildPhases = (
				204D4418242E6047003DCA67 /* Sources */,
				204D4419242E6047003DCA67 /* Frameworks */,
				204D441A242E6047003DCA67 /* Resources */,
			);
			buildRules = (
			);
			dependencies = (
				204D441E242E6047003DCA67 /* PBXTargetDependency */,
			);
			name = "StyleTransfer-iOS-TFliteUITests";
			productName = "StyleTransfer-iOS-TFliteUITests";
			productReference = 204D441C242E6047003DCA67 /* StyleTransfer-iOS-TFliteUITests.xctest */;
			productType = "com.apple.product-type.bundle.ui-testing";
		};
/* End PBXNativeTarget section */

/* Begin PBXProject section */
		204D43F5242E6046003DCA67 /* Project object */ = {
			isa = PBXProject;
			attributes = {
				LastSwiftUpdateCheck = 1000;
				LastUpgradeCheck = 1000;
				ORGANIZATIONNAME = Example;
				TargetAttributes = {
					204D43FC242E6046003DCA67 = {
						CreatedOnToolsVersion = 10.0;
					};
					204D4410242E6047003DCA67 = {
						CreatedOnToolsVersion = 10.0;
						TestTargetID = 204D43FC242E6046003DCA67;
					};
					204D441B242E6047003DCA67 = {
						CreatedOnToolsVersion = 10.0;
						TestTargetID = 204D43FC242E6046003DCA67;
					};
				};
			};
			buildConfigurationList = 204D43F8242E6046003DCA67 /* Build configuration list for PBXProject "StyleTransfer-iOS-TFlite" */;
			compatibilityVersion = "Xcode 9.3";
			developmentRegion = en;
			hasScannedForEncodings = 0;
			knownRegions = (
				en,
				Base,
			);
			mainGroup = 204D43F4242E6046003DCA67;
			productRefGroup = 204D43FE242E6046003DCA67 /* Products */;
			projectDirPath = "";
			projectRoot = "";
			targets = (
				204D43FC242E6046003DCA67 /* StyleTransfer-iOS-TFlite */,
				204D4410242E6047003DCA67 /* StyleTransfer-iOS-TFliteTests */,
				204D441B242E6047003DCA67 /* StyleTransfer-iOS-TFliteUITests */,
			);
		};
/* End PBXProject section */

/* Begin PBXResourcesBuildPhase section */
		204D43FB242E6046003DCA67 /* Resources */ = {
			isa = PBXResourcesBuildPhase;
			buildActionMask = 2147483647;
			files = (
				204D440B242E6047003DCA67 /* LaunchScreen.storyboard in Resources */,
				204D4408242E6047003DCA67 /* Assets.xcassets in Resources */,
				204D4406242E6046003DCA67 /* Main.storyboard in Resources */,
			);
			runOnlyForDeploymentPostprocessing = 0;
		};
		204D440F242E6047003DCA67 /* Resources */ = {
			isa = PBXResourcesBuildPhase;
			buildActionMask = 2147483647;
			files = (
			);
			runOnlyForDeploymentPostprocessing = 0;
		};
		204D441A242E6047003DCA67 /* Resources */ = {
			isa = PBXResourcesBuildPhase;
			buildActionMask = 2147483647;
			files = (
			);
			runOnlyForDeploymentPostprocessing = 0;
		};
/* End PBXResourcesBuildPhase section */

/* Begin PBXSourcesBuildPhase section */
		204D43F9242E6046003DCA67 /* Sources */ = {
			isa = PBXSourcesBuildPhase;
			buildActionMask = 2147483647;
			files = (
				204D4403242E6046003DCA67 /* ViewController.swift in Sources */,
				204D4401242E6046003DCA67 /* AppDelegate.swift in Sources */,
			);
			runOnlyForDeploymentPostprocessing = 0;
		};
		204D440D242E6047003DCA67 /* Sources */ = {
			isa = PBXSourcesBuildPhase;
			buildActionMask = 2147483647;
			files = (
				204D4416242E6047003DCA67 /* StyleTransfer_iOS_TFliteTests.swift in Sources */,
			);
			runOnlyForDeploymentPostprocessing = 0;
		};
		204D4418242E6047003DCA67 /* Sources */ = {
			isa = PBXSourcesBuildPhase;
			buildActionMask = 2147483647;
			files = (
				204D4421242E6047003DCA67 /* StyleTransfer_iOS_TFliteUITests.swift in Sources */,
			);
			runOnlyForDeploymentPostprocessing = 0;
		};
/* End PBXSourcesBuildPhase section */

/* Begin PBXTargetDependency section */
		204D4413242E6047003DCA67 /* PBXTargetDependency */ = {
			isa = PBXTargetDependency;
			target = 204D43FC242E6046003DCA67 /* StyleTransfer-iOS-TFlite */;
			targetProxy = 204D4412242E6047003DCA67 /* PBXContainerItemProxy */;
		};
		204D441E242E6047003DCA67 /* PBXTargetDependency */ = {
			isa = PBXTargetDependency;
			target = 204D43FC242E6046003DCA67 /* StyleTransfer-iOS-TFlite */;
			targetProxy = 204D441D242E6047003DCA67 /* PBXContainerItemProxy */;
		};
/* End PBXTargetDependency section */

/* Begin PBXVariantGroup section */
		204D4404242E6046003DCA67 /* Main.storyboard */ = {
			isa = PBXVariantGroup;
			children = (
				204D4405242E6046003DCA67 /* Base */,
			);
			name = Main.storyboard;
			sourceTree = "<group>";
		};
		204D4409242E6047003DCA67 /* LaunchScreen.storyboard */ = {
			isa = PBXVariantGroup;
			children = (
				204D440A242E6047003DCA67 /* Base */,
			);
			name = LaunchScreen.storyboard;
			sourceTree = "<group>";
		};
/* End PBXVariantGroup section */

/* Begin XCBuildConfiguration section */
		204D4423242E6047003DCA67 /* Debug */ = {
			isa = XCBuildConfiguration;
			buildSettings = {
				ALWAYS_SEARCH_USER_PATHS = NO;
				CLANG_ANALYZER_NONNULL = YES;
				CLANG_ANALYZER_NUMBER_OBJECT_CONVERSION = YES_AGGRESSIVE;
				CLANG_CXX_LANGUAGE_STANDARD = "gnu++14";
				CLANG_CXX_LIBRARY = "libc++";
				CLANG_ENABLE_MODULES = YES;
				CLANG_ENABLE_OBJC_ARC = YES;
				CLANG_ENABLE_OBJC_WEAK = YES;
				CLANG_WARN_BLOCK_CAPTURE_AUTORELEASING = YES;
				CLANG_WARN_BOOL_CONVERSION = YES;
				CLANG_WARN_COMMA = YES;
				CLANG_WARN_CONSTANT_CONVERSION = YES;
				CLANG_WARN_DEPRECATED_OBJC_IMPLEMENTATIONS = YES;
				CLANG_WARN_DIRECT_OBJC_ISA_USAGE = YES_ERROR;
				CLANG_WARN_DOCUMENTATION_COMMENTS = YES;
				CLANG_WARN_EMPTY_BODY = YES;
				CLANG_WARN_ENUM_CONVERSION = YES;
				CLANG_WARN_INFINITE_RECURSION = YES;
				CLANG_WARN_INT_CONVERSION = YES;
				CLANG_WARN_NON_LITERAL_NULL_CONVERSION = YES;
				CLANG_WARN_OBJC_IMPLICIT_RETAIN_SELF = YES;
				CLANG_WARN_OBJC_LITERAL_CONVERSION = YES;
				CLANG_WARN_OBJC_ROOT_CLASS = YES_ERROR;
				CLANG_WARN_RANGE_LOOP_ANALYSIS = YES;
				CLANG_WARN_STRICT_PROTOTYPES = YES;
				CLANG_WARN_SUSPICIOUS_MOVE = YES;
				CLANG_WARN_UNGUARDED_AVAILABILITY = YES_AGGRESSIVE;
				CLANG_WARN_UNREACHABLE_CODE = YES;
				CLANG_WARN__DUPLICATE_METHOD_MATCH = YES;
				CODE_SIGN_IDENTITY = "iPhone Developer";
				COPY_PHASE_STRIP = NO;
				DEBUG_INFORMATION_FORMAT = dwarf;
				ENABLE_STRICT_OBJC_MSGSEND = YES;
				ENABLE_TESTABILITY = YES;
				GCC_C_LANGUAGE_STANDARD = gnu11;
				GCC_DYNAMIC_NO_PIC = NO;
				GCC_NO_COMMON_BLOCKS = YES;
				GCC_OPTIMIZATION_LEVEL = 0;
				GCC_PREPROCESSOR_DEFINITIONS = (
					"DEBUG=1",
					"$(inherited)",
				);
				GCC_WARN_64_TO_32_BIT_CONVERSION = YES;
				GCC_WARN_ABOUT_RETURN_TYPE = YES_ERROR;
				GCC_WARN_UNDECLARED_SELECTOR = YES;
				GCC_WARN_UNINITIALIZED_AUTOS = YES_AGGRESSIVE;
				GCC_WARN_UNUSED_FUNCTION = YES;
				GCC_WARN_UNUSED_VARIABLE = YES;
				IPHONEOS_DEPLOYMENT_TARGET = 12.0;
				MTL_ENABLE_DEBUG_INFO = INCLUDE_SOURCE;
				MTL_FAST_MATH = YES;
				ONLY_ACTIVE_ARCH = YES;
				SDKROOT = iphoneos;
				SWIFT_ACTIVE_COMPILATION_CONDITIONS = DEBUG;
				SWIFT_OPTIMIZATION_LEVEL = "-Onone";
			};
			name = Debug;
		};
		204D4424242E6047003DCA67 /* Release */ = {
			isa = XCBuildConfiguration;
			buildSettings = {
				ALWAYS_SEARCH_USER_PATHS = NO;
				CLANG_ANALYZER_NONNULL = YES;
				CLANG_ANALYZER_NUMBER_OBJECT_CONVERSION = YES_AGGRESSIVE;
				CLANG_CXX_LANGUAGE_STANDARD = "gnu++14";
				CLANG_CXX_LIBRARY = "libc++";
				CLANG_ENABLE_MODULES = YES;
				CLANG_ENABLE_OBJC_ARC = YES;
				CLANG_ENABLE_OBJC_WEAK = YES;
				CLANG_WARN_BLOCK_CAPTURE_AUTORELEASING = YES;
				CLANG_WARN_BOOL_CONVERSION = YES;
				CLANG_WARN_COMMA = YES;
				CLANG_WARN_CONSTANT_CONVERSION = YES;
				CLANG_WARN_DEPRECATED_OBJC_IMPLEMENTATIONS = YES;
				CLANG_WARN_DIRECT_OBJC_ISA_USAGE = YES_ERROR;
				CLANG_WARN_DOCUMENTATION_COMMENTS = YES;
				CLANG_WARN_EMPTY_BODY = YES;
				CLANG_WARN_ENUM_CONVERSION = YES;
				CLANG_WARN_INFINITE_RECURSION = YES;
				CLANG_WARN_INT_CONVERSION = YES;
				CLANG_WARN_NON_LITERAL_NULL_CONVERSION = YES;
				CLANG_WARN_OBJC_IMPLICIT_RETAIN_SELF = YES;
				CLANG_WARN_OBJC_LITERAL_CONVERSION = YES;
				CLANG_WARN_OBJC_ROOT_CLASS = YES_ERROR;
				CLANG_WARN_RANGE_LOOP_ANALYSIS = YES;
				CLANG_WARN_STRICT_PROTOTYPES = YES;
				CLANG_WARN_SUSPICIOUS_MOVE = YES;
				CLANG_WARN_UNGUARDED_AVAILABILITY = YES_AGGRESSIVE;
				CLANG_WARN_UNREACHABLE_CODE = YES;
				CLANG_WARN__DUPLICATE_METHOD_MATCH = YES;
				CODE_SIGN_IDENTITY = "iPhone Developer";
				COPY_PHASE_STRIP = NO;
				DEBUG_INFORMATION_FORMAT = "dwarf-with-dsym";
				ENABLE_NS_ASSERTIONS = NO;
				ENABLE_STRICT_OBJC_MSGSEND = YES;
				GCC_C_LANGUAGE_STANDARD = gnu11;
				GCC_NO_COMMON_BLOCKS = YES;
				GCC_WARN_64_TO_32_BIT_CONVERSION = YES;
				GCC_WARN_ABOUT_RETURN_TYPE = YES_ERROR;
				GCC_WARN_UNDECLARED_SELECTOR = YES;
				GCC_WARN_UNINITIALIZED_AUTOS = YES_AGGRESSIVE;
				GCC_WARN_UNUSED_FUNCTION = YES;
				GCC_WARN_UNUSED_VARIABLE = YES;
				IPHONEOS_DEPLOYMENT_TARGET = 12.0;
				MTL_ENABLE_DEBUG_INFO = NO;
				MTL_FAST_MATH = YES;
				SDKROOT = iphoneos;
				SWIFT_COMPILATION_MODE = wholemodule;
				SWIFT_OPTIMIZATION_LEVEL = "-O";
				VALIDATE_PRODUCT = YES;
			};
			name = Release;
		};
		204D4426242E6047003DCA67 /* Debug */ = {
			isa = XCBuildConfiguration;
			buildSettings = {
				ASSETCATALOG_COMPILER_APPICON_NAME = AppIcon;
				CODE_SIGN_STYLE = Automatic;
				INFOPLIST_FILE = "StyleTransfer-iOS-TFlite/Info.plist";
				LD_RUNPATH_SEARCH_PATHS = (
					"$(inherited)",
					"@executable_path/Frameworks",
				);
				PRODUCT_BUNDLE_IDENTIFIER = "com.example.StyleTransfer-iOS-TFlite";
				PRODUCT_NAME = "$(TARGET_NAME)";
				SWIFT_VERSION = 4.2;
				TARGETED_DEVICE_FAMILY = "1,2";
			};
			name = Debug;
		};
		204D4427242E6047003DCA67 /* Release */ = {
			isa = XCBuildConfiguration;
			buildSettings = {
				ASSETCATALOG_COMPILER_APPICON_NAME = AppIcon;
				CODE_SIGN_STYLE = Automatic;
				INFOPLIST_FILE = "StyleTransfer-iOS-TFlite/Info.plist";
				LD_RUNPATH_SEARCH_PATHS = (
					"$(inherited)",
					"@executable_path/Frameworks",
				);
				PRODUCT_BUNDLE_IDENTIFIER = "com.example.StyleTransfer-iOS-TFlite";
				PRODUCT_NAME = "$(TARGET_NAME)";
				SWIFT_VERSION = 4.2;
				TARGETED_DEVICE_FAMILY = "1,2";
			};
			name = Release;
		};
		204D4429242E6047003DCA67 /* Debug */ = {
			isa = XCBuildConfiguration;
			buildSettings = {
				ALWAYS_EMBED_SWIFT_STANDARD_LIBRARIES = YES;
				BUNDLE_LOADER = "$(TEST_HOST)";
				CODE_SIGN_STYLE = Automatic;
				INFOPLIST_FILE = "StyleTransfer-iOS-TFliteTests/Info.plist";
				LD_RUNPATH_SEARCH_PATHS = (
					"$(inherited)",
					"@executable_path/Frameworks",
					"@loader_path/Frameworks",
				);
				PRODUCT_BUNDLE_IDENTIFIER = "com.example.StyleTransfer-iOS-TFliteTests";
				PRODUCT_NAME = "$(TARGET_NAME)";
				SWIFT_VERSION = 4.2;
				TARGETED_DEVICE_FAMILY = "1,2";
				TEST_HOST = "$(BUILT_PRODUCTS_DIR)/StyleTransfer-iOS-TFlite.app/StyleTransfer-iOS-TFlite";
			};
			name = Debug;
		};
		204D442A242E6047003DCA67 /* Release */ = {
			isa = XCBuildConfiguration;
			buildSettings = {
				ALWAYS_EMBED_SWIFT_STANDARD_LIBRARIES = YES;
				BUNDLE_LOADER = "$(TEST_HOST)";
				CODE_SIGN_STYLE = Automatic;
				INFOPLIST_FILE = "StyleTransfer-iOS-TFliteTests/Info.plist";
				LD_RUNPATH_SEARCH_PATHS = (
					"$(inherited)",
					"@executable_path/Frameworks",
					"@loader_path/Frameworks",
				);
				PRODUCT_BUNDLE_IDENTIFIER = "com.example.StyleTransfer-iOS-TFliteTests";
				PRODUCT_NAME = "$(TARGET_NAME)";
				SWIFT_VERSION = 4.2;
				TARGETED_DEVICE_FAMILY = "1,2";
				TEST_HOST = "$(BUILT_PRODUCTS_DIR)/StyleTransfer-iOS-TFlite.app/StyleTransfer-iOS-TFlite";
			};
			name = Release;
		};
		204D442C242E6047003DCA67 /* Debug */ = {
			isa = XCBuildConfiguration;
			buildSettings = {
				ALWAYS_EMBED_SWIFT_STANDARD_LIBRARIES = YES;
				CODE_SIGN_STYLE = Automatic;
				INFOPLIST_FILE = "StyleTransfer-iOS-TFliteUITests/Info.plist";
				LD_RUNPATH_SEARCH_PATHS = (
					"$(inherited)",
					"@executable_path/Frameworks",
					"@loader_path/Frameworks",
				);
				PRODUCT_BUNDLE_IDENTIFIER = "com.example.StyleTransfer-iOS-TFliteUITests";
				PRODUCT_NAME = "$(TARGET_NAME)";
				SWIFT_VERSION = 4.2;
				TARGETED_DEVICE_FAMILY = "1,2";
				TEST_TARGET_NAME = "StyleTransfer-iOS-TFlite";
			};
			name = Debug;
		};
		204D442D242E6047003DCA67 /* Release */ = {
			isa = XCBuildConfiguration;
			buildSettings = {
				ALWAYS_EMBED_SWIFT_STANDARD_LIBRARIES = YES;
				CODE_SIGN_STYLE = Automatic;
				INFOPLIST_FILE = "StyleTransfer-iOS-TFliteUITests/Info.plist";
				LD_RUNPATH_SEARCH_PATHS = (
					"$(inherited)",
					"@executable_path/Frameworks",
					"@loader_path/Frameworks",
				);
				PRODUCT_BUNDLE_IDENTIFIER = "com.example.StyleTransfer-iOS-TFliteUITests";
				PRODUCT_NAME = "$(TARGET_NAME)";
				SWIFT_VERSION = 4.2;
				TARGETED_DEVICE_FAMILY = "1,2";
				TEST_TARGET_NAME = "StyleTransfer-iOS-TFlite";
			};
			name = Release;
		};
/* End XCBuildConfiguration section */

/* Begin XCConfigurationList section */
		204D43F8242E6046003DCA67 /* Build configuration list for PBXProject "StyleTransfer-iOS-TFlite" */ = {
			isa = XCConfigurationList;
			buildConfigurations = (
				204D4423242E6047003DCA67 /* Debug */,
				204D4424242E6047003DCA67 /* Release */,
			);
			defaultConfigurationIsVisible = 0;
			defaultConfigurationName = Release;
		};
		204D4425242E6047003DCA67 /* Build configuration list for PBXNativeTarget "StyleTransfer-iOS-TFlite" */ = {
			isa = XCConfigurationList;
			buildConfigurations = (
				204D4426242E6047003DCA67 /* Debug */,
				204D4427242E6047003DCA67 /* Release */,
			);
			defaultConfigurationIsVisible = 0;
			defaultConfigurationName = Release;
		};
		204D4428242E6047003DCA67 /* Build configuration list for PBXNativeTarget "StyleTransfer-iOS-TFliteTests" */ = {
			isa = XCConfigurationList;
			buildConfigurations = (
				204D4429242E6047003DCA67 /* Debug */,
				204D442A242E6047003DCA67 /* Release */,
			);
			defaultConfigurationIsVisible = 0;
			defaultConfigurationName = Release;
		};
		204D442B242E6047003DCA67 /* Build configuration list for PBXNativeTarget "StyleTransfer-iOS-TFliteUITests" */ = {
			isa = XCConfigurationList;
			buildConfigurations = (
				204D442C242E6047003DCA67 /* Debug */,
				204D442D242E6047003DCA67 /* Release */,
			);
			defaultConfigurationIsVisible = 0;
			defaultConfigurationName = Release;
		};
/* End XCConfigurationList section */
	};
	rootObject = 204D43F5242E6046003DCA67 /* Project object */;
}
